
Microsoft Visual Studio Solution File, Format Version 12.00
# Visual Studio 15
VisualStudioVersion = 15.0.26730.16
MinimumVisualStudioVersion = 10.0.40219.1
Project("{FAE04EC0-301F-11D3-BF4B-00C04F79EFBC}") = "EDRQuery", "DriverSearcher\EDRQuery.csproj", "{AFD1FF09-2632-4087-A30C-43591F32E4E8}"
EndProject
Global
	GlobalSection(SolutionConfigurationPlatforms) = preSolution
		Debug|Any CPU = Debug|Any CPU
		Release|Any CPU = Release|Any CPU
	EndGlobalSection
	GlobalSection(ProjectConfigurationPlatforms) = postSolution
		{AFD1FF09-2632-4087-A30C-43591F32E4E8}.Debug|Any CPU.ActiveCfg = Debug|Any CPU
		{AFD1FF09-2632-4087-A30C-43591F32E4E8}.Debug|Any CPU.Build.0 = Debug|Any CPU
		{AFD1FF09-2632-4087-A30C-43591F32E4E8}.Release|Any CPU.ActiveCfg = Release|Any CPU
		{AFD1FF09-2632-4087-A30C-43591F32E4E8}.Release|Any CPU.Build.0 = Release|Any CPU
	EndGlobalSection
	GlobalSection(SolutionProperties) = preSolution
		HideSolutionNode = FALSE
	EndGlobalSection
	GlobalSection(ExtensibilityGlobals) = postSolution
		SolutionGuid = {4062063D-7FA2-41F1-AFAA-C9AB9D75A88F}
	EndGlobalSection
EndGlobal
